{
  "name": "signalk-arlequin-rota",
  "version": "0.1.0",
  "lockfileVersion": 3,
  "requires": true,
  "packages": {
    "": {
      "name": "signalk-arlequin-rota",
      "version": "0.1.0",
      "license": "MIT",
      "dependencies": {
        "signalk-arlequin-ia": "file:../signalk-arlequin-ia"
      },
      "engines": {
        "node": ">=22"
      }
    },
    "../signalk-arlequin-ia": {
      "version": "0.1.0",
      "license": "MIT",
      "engines": {
        "node": ">=22"
      }
    },
    "node_modules/signalk-arlequin-ia": {
      "resolved": "../signalk-arlequin-ia",
      "link": true
    }
  }
}
